
Microsoft Visual Studio Solution File, Format Version 12.00
# Visual Studio Version 16
VisualStudioVersion = 16.0.29519.181
MinimumVisualStudioVersion = 10.0.40219.1
Project("{FAE04EC0-301F-11D3-BF4B-00C04F79EFBC}") = "Casting", "Casting\Casting.csproj", "{E7C362CE-1D9A-4222-BB51-008074F6BB3C}"
EndProject
Global
	GlobalSection(SolutionConfigurationPlatforms) = preSolution
		Debug|Any CPU = Debug|Any CPU
		Release|Any CPU = Release|Any CPU
	EndGlobalSection
	GlobalSection(ProjectConfigurationPlatforms) = postSolution
		{E7C362CE-1D9A-4222-BB51-008074F6BB3C}.Debug|Any CPU.ActiveCfg = Debug|Any CPU
		{E7C362CE-1D9A-4222-BB51-008074F6BB3C}.Debug|Any CPU.Build.0 = Debug|Any CPU
		{E7C362CE-1D9A-4222-BB51-008074F6BB3C}.Release|Any CPU.ActiveCfg = Release|Any CPU
		{E7C362CE-1D9A-4222-BB51-008074F6BB3C}.Release|Any CPU.Build.0 = Release|Any CPU
	EndGlobalSection
	GlobalSection(SolutionProperties) = preSolution
		HideSolutionNode = FALSE
	EndGlobalSection
	GlobalSection(ExtensibilityGlobals) = postSolution
		SolutionGuid = {D696560D-EDDE-4CF5-ACB7-A2F6C1401B12}
	EndGlobalSection
EndGlobal
